
Microsoft Visual Studio Solution File, Format Version 12.00
# Visual Studio Version 17
VisualStudioVersion = 17.7.34018.315
MinimumVisualStudioVersion = 10.0.40219.1
Project("{FAE04EC0-301F-11D3-BF4B-00C04F79EFBC}") = "gestao-hq-backend", "gestao-hq-backend.csproj", "{F162E57E-54BF-4FFE-9552-1F7770A40425}"
EndProject
Global
	GlobalSection(SolutionConfigurationPlatforms) = preSolution
		Debug|Any CPU = Debug|Any CPU
		Release|Any CPU = Release|Any CPU
	EndGlobalSection
	GlobalSection(ProjectConfigurationPlatforms) = postSolution
		{F162E57E-54BF-4FFE-9552-1F7770A40425}.Debug|Any CPU.ActiveCfg = Debug|Any CPU
		{F162E57E-54BF-4FFE-9552-1F7770A40425}.Debug|Any CPU.Build.0 = Debug|Any CPU
		{F162E57E-54BF-4FFE-9552-1F7770A40425}.Release|Any CPU.ActiveCfg = Release|Any CPU
		{F162E57E-54BF-4FFE-9552-1F7770A40425}.Release|Any CPU.Build.0 = Release|Any CPU
	EndGlobalSection
	GlobalSection(SolutionProperties) = preSolution
		HideSolutionNode = FALSE
	EndGlobalSection
	GlobalSection(ExtensibilityGlobals) = postSolution
		SolutionGuid = {F32EBDF6-F616-4820-AE20-85067A73A1C4}
	EndGlobalSection
EndGlobal
